
Microsoft Visual Studio Solution File, Format Version 12.00
# Visual Studio Version 16
VisualStudioVersion = 16.0.30225.117
MinimumVisualStudioVersion = 10.0.40219.1
Project("{FAE04EC0-301F-11D3-BF4B-00C04F79EFBC}") = "01 App config", "01 App config\01 App config.csproj", "{C0A932C5-C138-4085-8668-6E40B921F1E4}"
EndProject
Global
	GlobalSection(SolutionConfigurationPlatforms) = preSolution
		Debug|Any CPU = Debug|Any CPU
		Release|Any CPU = Release|Any CPU
	EndGlobalSection
	GlobalSection(ProjectConfigurationPlatforms) = postSolution
		{C0A932C5-C138-4085-8668-6E40B921F1E4}.Debug|Any CPU.ActiveCfg = Debug|Any CPU
		{C0A932C5-C138-4085-8668-6E40B921F1E4}.Debug|Any CPU.Build.0 = Debug|Any CPU
		{C0A932C5-C138-4085-8668-6E40B921F1E4}.Release|Any CPU.ActiveCfg = Release|Any CPU
		{C0A932C5-C138-4085-8668-6E40B921F1E4}.Release|Any CPU.Build.0 = Release|Any CPU
	EndGlobalSection
	GlobalSection(SolutionProperties) = preSolution
		HideSolutionNode = FALSE
	EndGlobalSection
	GlobalSection(ExtensibilityGlobals) = postSolution
		SolutionGuid = {1AEA3927-FFB3-4F15-9D2A-D686159CF1AB}
	EndGlobalSection
EndGlobal
