
Microsoft Visual Studio Solution File, Format Version 12.00
# Visual Studio Version 16
VisualStudioVersion = 16.0.30225.117
MinimumVisualStudioVersion = 10.0.40219.1
Project("{FAE04EC0-301F-11D3-BF4B-00C04F79EFBC}") = "01Conectar base de datos", "01Conectar base de datos\01Conectar base de datos.csproj", "{63D34648-2D0E-4737-A153-5DC0A355D3BC}"
EndProject
Global
	GlobalSection(SolutionConfigurationPlatforms) = preSolution
		Debug|Any CPU = Debug|Any CPU
		Release|Any CPU = Release|Any CPU
	EndGlobalSection
	GlobalSection(ProjectConfigurationPlatforms) = postSolution
		{63D34648-2D0E-4737-A153-5DC0A355D3BC}.Debug|Any CPU.ActiveCfg = Debug|Any CPU
		{63D34648-2D0E-4737-A153-5DC0A355D3BC}.Debug|Any CPU.Build.0 = Debug|Any CPU
		{63D34648-2D0E-4737-A153-5DC0A355D3BC}.Release|Any CPU.ActiveCfg = Release|Any CPU
		{63D34648-2D0E-4737-A153-5DC0A355D3BC}.Release|Any CPU.Build.0 = Release|Any CPU
	EndGlobalSection
	GlobalSection(SolutionProperties) = preSolution
		HideSolutionNode = FALSE
	EndGlobalSection
	GlobalSection(ExtensibilityGlobals) = postSolution
		SolutionGuid = {BCE338C6-A28C-47AB-A528-2EDB46F4C4A1}
	EndGlobalSection
EndGlobal
